// !$*UTF8*$!
{
	archiveVersion = 1;
	classes = {
	};
	objectVersion = 46;
	objects = {

/* Begin PBXBuildFile section */
		5C3759F91C0DFF690088B4FE /* AppDelegate.swift in Sources */ = {isa = PBXBuildFile; fileRef = 5C3759F81C0DFF690088B4FE /* AppDelegate.swift */; };
		5C375A001C0DFF690088B4FE /* Assets.xcassets in Resources */ = {isa = PBXBuildFile; fileRef = 5C3759FF1C0DFF690088B4FE /* Assets.xcassets */; };
		5C375A031C0DFF690088B4FE /* LaunchScreen.storyboard in Resources */ = {isa = PBXBuildFile; fileRef = 5C375A011C0DFF690088B4FE /* LaunchScreen.storyboard */; };
		5C375A0E1C0DFF690088B4FE /* DensityTests.swift in Sources */ = {isa = PBXBuildFile; fileRef = 5C375A0D1C0DFF690088B4FE /* DensityTests.swift */; };
		5C375A191C0DFF690088B4FE /* DensityUITests.swift in Sources */ = {isa = PBXBuildFile; fileRef = 5C375A181C0DFF690088B4FE /* DensityUITests.swift */; };
		5C76E73B1C0E01BF005499EB /* Constants.swift in Sources */ = {isa = PBXBuildFile; fileRef = 5C76E73A1C0E01BF005499EB /* Constants.swift */; };
		5C76E7421C0E02B7005499EB /* FeedViewController.swift in Sources */ = {isa = PBXBuildFile; fileRef = 5C76E7401C0E02B7005499EB /* FeedViewController.swift */; };
		5C76E7431C0E02B7005499EB /* FeedViewController.xib in Resources */ = {isa = PBXBuildFile; fileRef = 5C76E7411C0E02B7005499EB /* FeedViewController.xib */; };
		5C76E7451C0E06E4005499EB /* DataUtils.swift in Sources */ = {isa = PBXBuildFile; fileRef = 5C76E7441C0E06E4005499EB /* DataUtils.swift */; };
		5CB77BF41C0E0E0900E52996 /* FeedViewCell.swift in Sources */ = {isa = PBXBuildFile; fileRef = 5CB77BF21C0E0E0900E52996 /* FeedViewCell.swift */; };
		5CB77BF51C0E0E0900E52996 /* FeedViewCell.xib in Resources */ = {isa = PBXBuildFile; fileRef = 5CB77BF31C0E0E0900E52996 /* FeedViewCell.xib */; };
		685355454AB38CD2D8B4D389 /* Pods_Density.framework in Frameworks */ = {isa = PBXBuildFile; fileRef = 37C5400B8F27CB517E9CFB15 /* Pods_Density.framework */; };
/* End PBXBuildFile section */

/* Begin PBXContainerItemProxy section */
		5C375A0A1C0DFF690088B4FE /* PBXContainerItemProxy */ = {
			isa = PBXContainerItemProxy;
			containerPortal = 5C3759ED1C0DFF690088B4FE /* Project object */;
			proxyType = 1;
			remoteGlobalIDString = 5C3759F41C0DFF690088B4FE;
			remoteInfo = Density;
		};
		5C375A151C0DFF690088B4FE /* PBXContainerItemProxy */ = {
			isa = PBXContainerItemProxy;
			containerPortal = 5C3759ED1C0DFF690088B4FE /* Project object */;
			proxyType = 1;
			remoteGlobalIDString = 5C3759F41C0DFF690088B4FE;
			remoteInfo = Density;
		};
/* End PBXContainerItemProxy section */

/* Begin PBXFileReference section */
		37C5400B8F27CB517E9CFB15 /* Pods_Density.framework */ = {isa = PBXFileReference; explicitFileType = wrapper.framework; includeInIndex = 0; path = Pods_Density.framework; sourceTree = BUILT_PRODUCTS_DIR; };
		52B903439BD602A70D39DA0C /* Pods-Density.release.xcconfig */ = {isa = PBXFileReference; includeInIndex = 1; lastKnownFileType = text.xcconfig; name = "Pods-Density.release.xcconfig"; path = "Pods/Target Support Files/Pods-Density/Pods-Density.release.xcconfig"; sourceTree = "<group>"; };
		5C3759F51C0DFF690088B4FE /* Density.app */ = {isa = PBXFileReference; explicitFileType = wrapper.application; includeInIndex = 0; path = Density.app; sourceTree = BUILT_PRODUCTS_DIR; };
		5C3759F81C0DFF690088B4FE /* AppDelegate.swift */ = {isa = PBXFileReference; lastKnownFileType = sourcecode.swift; path = AppDelegate.swift; sourceTree = "<group>"; };
		5C3759FF1C0DFF690088B4FE /* Assets.xcassets */ = {isa = PBXFileReference; lastKnownFileType = folder.assetcatalog; path = Assets.xcassets; sourceTree = "<group>"; };
		5C375A021C0DFF690088B4FE /* Base */ = {isa = PBXFileReference; lastKnownFileType = file.storyboard; name = Base; path = Base.lproj/LaunchScreen.storyboard; sourceTree = "<group>"; };
		5C375A041C0DFF690088B4FE /* Info.plist */ = {isa = PBXFileReference; lastKnownFileType = text.plist.xml; path = Info.plist; sourceTree = "<group>"; };
		5C375A091C0DFF690088B4FE /* DensityTests.xctest */ = {isa = PBXFileReference; explicitFileType = wrapper.cfbundle; includeInIndex = 0; path = DensityTests.xctest; sourceTree = BUILT_PRODUCTS_DIR; };
		5C375A0D1C0DFF690088B4FE /* DensityTests.swift */ = {isa = PBXFileReference; lastKnownFileType = sourcecode.swift; path = DensityTests.swift; sourceTree = "<group>"; };
		5C375A0F1C0DFF690088B4FE /* Info.plist */ = {isa = PBXFileReference; lastKnownFileType = text.plist.xml; path = Info.plist; sourceTree = "<group>"; };
		5C375A141C0DFF690088B4FE /* DensityUITests.xctest */ = {isa = PBXFileReference; explicitFileType = wrapper.cfbundle; includeInIndex = 0; path = DensityUITests.xctest; sourceTree = BUILT_PRODUCTS_DIR; };
		5C375A181C0DFF690088B4FE /* DensityUITests.swift */ = {isa = PBXFileReference; lastKnownFileType = sourcecode.swift; path = DensityUITests.swift; sourceTree = "<group>"; };
		5C375A1A1C0DFF690088B4FE /* Info.plist */ = {isa = PBXFileReference; lastKnownFileType = text.plist.xml; path = Info.plist; sourceTree = "<group>"; };
		5C76E73A1C0E01BF005499EB /* Constants.swift */ = {isa = PBXFileReference; fileEncoding = 4; lastKnownFileType = sourcecode.swift; path = Constants.swift; sourceTree = "<group>"; };
		5C76E7401C0E02B7005499EB /* FeedViewController.swift */ = {isa = PBXFileReference; fileEncoding = 4; lastKnownFileType = sourcecode.swift; path = FeedViewController.swift; sourceTree = "<group>"; };
		5C76E7411C0E02B7005499EB /* FeedViewController.xib */ = {isa = PBXFileReference; fileEncoding = 4; lastKnownFileType = file.xib; path = FeedViewController.xib; sourceTree = "<group>"; };
		5C76E7441C0E06E4005499EB /* DataUtils.swift */ = {isa = PBXFileReference; fileEncoding = 4; lastKnownFileType = sourcecode.swift; path = DataUtils.swift; sourceTree = "<group>"; };
		5CB77BF21C0E0E0900E52996 /* FeedViewCell.swift */ = {isa = PBXFileReference; fileEncoding = 4; lastKnownFileType = sourcecode.swift; path = FeedViewCell.swift; sourceTree = "<group>"; };
		5CB77BF31C0E0E0900E52996 /* FeedViewCell.xib */ = {isa = PBXFileReference; fileEncoding = 4; lastKnownFileType = file.xib; path = FeedViewCell.xib; sourceTree = "<group>"; };
		E8D5E16F4F88E21AF8A13227 /* Pods-Density.debug.xcconfig */ = {isa = PBXFileReference; includeInIndex = 1; lastKnownFileType = text.xcconfig; name = "Pods-Density.debug.xcconfig"; path = "Pods/Target Support Files/Pods-Density/Pods-Density.debug.xcconfig"; sourceTree = "<group>"; };
/* End PBXFileReference section */

/* Begin PBXFrameworksBuildPhase section */
		5C3759F21C0DFF690088B4FE /* Frameworks */ = {
			isa = PBXFrameworksBuildPhase;
			buildActionMask = 2147483647;
			files = (
				685355454AB38CD2D8B4D389 /* Pods_Density.framework in Frameworks */,
			);
			runOnlyForDeploymentPostprocessing = 0;
		};
		5C375A061C0DFF690088B4FE /* Frameworks */ = {
			isa = PBXFrameworksBuildPhase;
			buildActionMask = 2147483647;
			files = (
			);
			runOnlyForDeploymentPostprocessing = 0;
		};
		5C375A111C0DFF690088B4FE /* Frameworks */ = {
			isa = PBXFrameworksBuildPhase;
			buildActionMask = 2147483647;
			files = (
			);
			runOnlyForDeploymentPostprocessing = 0;
		};
/* End PBXFrameworksBuildPhase section */

/* Begin PBXGroup section */
		3EA51EF8ADFC34109F7645A2 /* Pods */ = {
			isa = PBXGroup;
			children = (
				E8D5E16F4F88E21AF8A13227 /* Pods-Density.debug.xcconfig */,
				52B903439BD602A70D39DA0C /* Pods-Density.release.xcconfig */,
			);
			name = Pods;
			sourceTree = "<group>";
		};
		5C3759EC1C0DFF690088B4FE = {
			isa = PBXGroup;
			children = (
				5C3759F71C0DFF690088B4FE /* Density */,
				5C375A0C1C0DFF690088B4FE /* DensityTests */,
				5C375A171C0DFF690088B4FE /* DensityUITests */,
				5C3759F61C0DFF690088B4FE /* Products */,
				3EA51EF8ADFC34109F7645A2 /* Pods */,
				680D53B18FC6F74206F15F39 /* Frameworks */,
			);
			sourceTree = "<group>";
		};
		5C3759F61C0DFF690088B4FE /* Products */ = {
			isa = PBXGroup;
			children = (
				5C3759F51C0DFF690088B4FE /* Density.app */,
				5C375A091C0DFF690088B4FE /* DensityTests.xctest */,
				5C375A141C0DFF690088B4FE /* DensityUITests.xctest */,
			);
			name = Products;
			sourceTree = "<group>";
		};
		5C3759F71C0DFF690088B4FE /* Density */ = {
			isa = PBXGroup;
			children = (
				5C76E7391C0E01B0005499EB /* Common */,
				5C3759F81C0DFF690088B4FE /* AppDelegate.swift */,
				5C3759FF1C0DFF690088B4FE /* Assets.xcassets */,
				5C375A011C0DFF690088B4FE /* LaunchScreen.storyboard */,
				5C375A041C0DFF690088B4FE /* Info.plist */,
				5C76E7401C0E02B7005499EB /* FeedViewController.swift */,
				5C76E7411C0E02B7005499EB /* FeedViewController.xib */,
				5CB77BF21C0E0E0900E52996 /* FeedViewCell.swift */,
				5CB77BF31C0E0E0900E52996 /* FeedViewCell.xib */,
			);
			path = Density;
			sourceTree = "<group>";
		};
		5C375A0C1C0DFF690088B4FE /* DensityTests */ = {
			isa = PBXGroup;
			children = (
				5C375A0D1C0DFF690088B4FE /* DensityTests.swift */,
				5C375A0F1C0DFF690088B4FE /* Info.plist */,
			);
			path = DensityTests;
			sourceTree = "<group>";
		};
		5C375A171C0DFF690088B4FE /* DensityUITests */ = {
			isa = PBXGroup;
			children = (
				5C375A181C0DFF690088B4FE /* DensityUITests.swift */,
				5C375A1A1C0DFF690088B4FE /* Info.plist */,
			);
			path = DensityUITests;
			sourceTree = "<group>";
		};
		5C76E7391C0E01B0005499EB /* Common */ = {
			isa = PBXGroup;
			children = (
				5C76E73A1C0E01BF005499EB /* Constants.swift */,
				5C76E7441C0E06E4005499EB /* DataUtils.swift */,
			);
			name = Common;
			sourceTree = "<group>";
		};
		680D53B18FC6F74206F15F39 /* Frameworks */ = {
			isa = PBXGroup;
			children = (
				37C5400B8F27CB517E9CFB15 /* Pods_Density.framework */,
			);
			name = Frameworks;
			sourceTree = "<group>";
		};
/* End PBXGroup section */

/* Begin PBXNativeTarget section */
		5C3759F41C0DFF690088B4FE /* Density */ = {
			isa = PBXNativeTarget;
			buildConfigurationList = 5C375A1D1C0DFF690088B4FE /* Build configuration list for PBXNativeTarget "Density" */;
			buildPhases = (
				BA77E62B161CF6457A8CC083 /* Check Pods Manifest.lock */,
				5C3759F11C0DFF690088B4FE /* Sources */,
				5C3759F21C0DFF690088B4FE /* Frameworks */,
				5C3759F31C0DFF690088B4FE /* Resources */,
				F959CD3BE2DABCBDBAAD8265 /* Embed Pods Frameworks */,
				905E55062CB953F72D319D73 /* Copy Pods Resources */,
			);
			buildRules = (
			);
			dependencies = (
			);
			name = Density;
			productName = Density;
			productReference = 5C3759F51C0DFF690088B4FE /* Density.app */;
			productType = "com.apple.product-type.application";
		};
		5C375A081C0DFF690088B4FE /* DensityTests */ = {
			isa = PBXNativeTarget;
			buildConfigurationList = 5C375A201C0DFF690088B4FE /* Build configuration list for PBXNativeTarget "DensityTests" */;
			buildPhases = (
				5C375A051C0DFF690088B4FE /* Sources */,
				5C375A061C0DFF690088B4FE /* Frameworks */,
				5C375A071C0DFF690088B4FE /* Resources */,
			);
			buildRules = (
			);
			dependencies = (
				5C375A0B1C0DFF690088B4FE /* PBXTargetDependency */,
			);
			name = DensityTests;
			productName = DensityTests;
			productReference = 5C375A091C0DFF690088B4FE /* DensityTests.xctest */;
			productType = "com.apple.product-type.bundle.unit-test";
		};
		5C375A131C0DFF690088B4FE /* DensityUITests */ = {
			isa = PBXNativeTarget;
			buildConfigurationList = 5C375A231C0DFF690088B4FE /* Build configuration list for PBXNativeTarget "DensityUITests" */;
			buildPhases = (
				5C375A101C0DFF690088B4FE /* Sources */,
				5C375A111C0DFF690088B4FE /* Frameworks */,
				5C375A121C0DFF690088B4FE /* Resources */,
			);
			buildRules = (
			);
			dependencies = (
				5C375A161C0DFF690088B4FE /* PBXTargetDependency */,
			);
			name = DensityUITests;
			productName = DensityUITests;
			productReference = 5C375A141C0DFF690088B4FE /* DensityUITests.xctest */;
			productType = "com.apple.product-type.bundle.ui-testing";
		};
/* End PBXNativeTarget section */

/* Begin PBXProject section */
		5C3759ED1C0DFF690088B4FE /* Project object */ = {
			isa = PBXProject;
			attributes = {
				LastSwiftUpdateCheck = 0710;
				LastUpgradeCheck = 0710;
				ORGANIZATIONNAME = "Matthew Piccolella";
				TargetAttributes = {
					5C3759F41C0DFF690088B4FE = {
						CreatedOnToolsVersion = 7.1.1;
					};
					5C375A081C0DFF690088B4FE = {
						CreatedOnToolsVersion = 7.1.1;
						TestTargetID = 5C3759F41C0DFF690088B4FE;
					};
					5C375A131C0DFF690088B4FE = {
						CreatedOnToolsVersion = 7.1.1;
						TestTargetID = 5C3759F41C0DFF690088B4FE;
					};
				};
			};
			buildConfigurationList = 5C3759F01C0DFF690088B4FE /* Build configuration list for PBXProject "Density" */;
			compatibilityVersion = "Xcode 3.2";
			developmentRegion = English;
			hasScannedForEncodings = 0;
			knownRegions = (
				en,
				Base,
			);
			mainGroup = 5C3759EC1C0DFF690088B4FE;
			productRefGroup = 5C3759F61C0DFF690088B4FE /* Products */;
			projectDirPath = "";
			projectRoot = "";
			targets = (
				5C3759F41C0DFF690088B4FE /* Density */,
				5C375A081C0DFF690088B4FE /* DensityTests */,
				5C375A131C0DFF690088B4FE /* DensityUITests */,
			);
		};
/* End PBXProject section */

/* Begin PBXResourcesBuildPhase section */
		5C3759F31C0DFF690088B4FE /* Resources */ = {
			isa = PBXResourcesBuildPhase;
			buildActionMask = 2147483647;
			files = (
				5CB77BF51C0E0E0900E52996 /* FeedViewCell.xib in Resources */,
				5C375A031C0DFF690088B4FE /* LaunchScreen.storyboard in Resources */,
				5C76E7431C0E02B7005499EB /* FeedViewController.xib in Resources */,
				5C375A001C0DFF690088B4FE /* Assets.xcassets in Resources */,
			);
			runOnlyForDeploymentPostprocessing = 0;
		};
		5C375A071C0DFF690088B4FE /* Resources */ = {
			isa = PBXResourcesBuildPhase;
			buildActionMask = 2147483647;
			files = (
			);
			runOnlyForDeploymentPostprocessing = 0;
		};
		5C375A121C0DFF690088B4FE /* Resources */ = {
			isa = PBXResourcesBuildPhase;
			buildActionMask = 2147483647;
			files = (
			);
			runOnlyForDeploymentPostprocessing = 0;
		};
/* End PBXResourcesBuildPhase section */

/* Begin PBXShellScriptBuildPhase section */
		905E55062CB953F72D319D73 /* Copy Pods Resources */ = {
			isa = PBXShellScriptBuildPhase;
			buildActionMask = 2147483647;
			files = (
			);
			inputPaths = (
			);
			name = "Copy Pods Resources";
			outputPaths = (
			);
			runOnlyForDeploymentPostprocessing = 0;
			shellPath = /bin/sh;
			shellScript = "\"${SRCROOT}/Pods/Target Support Files/Pods-Density/Pods-Density-resources.sh\"\n";
			showEnvVarsInLog = 0;
		};
		BA77E62B161CF6457A8CC083 /* Check Pods Manifest.lock */ = {
			isa = PBXShellScriptBuildPhase;
			buildActionMask = 2147483647;
			files = (
			);
			inputPaths = (
			);
			name = "Check Pods Manifest.lock";
			outputPaths = (
			);
			runOnlyForDeploymentPostprocessing = 0;
			shellPath = /bin/sh;
			shellScript = "diff \"${PODS_ROOT}/../Podfile.lock\" \"${PODS_ROOT}/Manifest.lock\" > /dev/null\nif [[ $? != 0 ]] ; then\n    cat << EOM\nerror: The sandbox is not in sync with the Podfile.lock. Run 'pod install' or update your CocoaPods installation.\nEOM\n    exit 1\nfi\n";
			showEnvVarsInLog = 0;
		};
		F959CD3BE2DABCBDBAAD8265 /* Embed Pods Frameworks */ = {
			isa = PBXShellScriptBuildPhase;
			buildActionMask = 2147483647;
			files = (
			);
			inputPaths = (
			);
			name = "Embed Pods Frameworks";
			outputPaths = (
			);
			runOnlyForDeploymentPostprocessing = 0;
			shellPath = /bin/sh;
			shellScript = "\"${SRCROOT}/Pods/Target Support Files/Pods-Density/Pods-Density-frameworks.sh\"\n";
			showEnvVarsInLog = 0;
		};
/* End PBXShellScriptBuildPhase section */

/* Begin PBXSourcesBuildPhase section */
		5C3759F11C0DFF690088B4FE /* Sources */ = {
			isa = PBXSourcesBuildPhase;
			buildActionMask = 2147483647;
			files = (
				5C3759F91C0DFF690088B4FE /* AppDelegate.swift in Sources */,
				5C76E7451C0E06E4005499EB /* DataUtils.swift in Sources */,
				5CB77BF41C0E0E0900E52996 /* FeedViewCell.swift in Sources */,
				5C76E7421C0E02B7005499EB /* FeedViewController.swift in Sources */,
				5C76E73B1C0E01BF005499EB /* Constants.swift in Sources */,
			);
			runOnlyForDeploymentPostprocessing = 0;
		};
		5C375A051C0DFF690088B4FE /* Sources */ = {
			isa = PBXSourcesBuildPhase;
			buildActionMask = 2147483647;
			files = (
				5C375A0E1C0DFF690088B4FE /* DensityTests.swift in Sources */,
			);
			runOnlyForDeploymentPostprocessing = 0;
		};
		5C375A101C0DFF690088B4FE /* Sources */ = {
			isa = PBXSourcesBuildPhase;
			buildActionMask = 2147483647;
			files = (
				5C375A191C0DFF690088B4FE /* DensityUITests.swift in Sources */,
			);
			runOnlyForDeploymentPostprocessing = 0;
		};
/* End PBXSourcesBuildPhase section */

/* Begin PBXTargetDependency section */
		5C375A0B1C0DFF690088B4FE /* PBXTargetDependency */ = {
			isa = PBXTargetDependency;
			target = 5C3759F41C0DFF690088B4FE /* Density */;
			targetProxy = 5C375A0A1C0DFF690088B4FE /* PBXContainerItemProxy */;
		};
		5C375A161C0DFF690088B4FE /* PBXTargetDependency */ = {
			isa = PBXTargetDependency;
			target = 5C3759F41C0DFF690088B4FE /* Density */;
			targetProxy = 5C375A151C0DFF690088B4FE /* PBXContainerItemProxy */;
		};
/* End PBXTargetDependency section */

/* Begin PBXVariantGroup section */
		5C375A011C0DFF690088B4FE /* LaunchScreen.storyboard */ = {
			isa = PBXVariantGroup;
			children = (
				5C375A021C0DFF690088B4FE /* Base */,
			);
			name = LaunchScreen.storyboard;
			sourceTree = "<group>";
		};
/* End PBXVariantGroup section */

/* Begin XCBuildConfiguration section */
		5C375A1B1C0DFF690088B4FE /* Debug */ = {
			isa = XCBuildConfiguration;
			buildSettings = {
				ALWAYS_SEARCH_USER_PATHS = NO;
				CLANG_CXX_LANGUAGE_STANDARD = "gnu++0x";
				CLANG_CXX_LIBRARY = "libc++";
				CLANG_ENABLE_MODULES = YES;
				CLANG_ENABLE_OBJC_ARC = YES;
				CLANG_WARN_BOOL_CONVERSION = YES;
				CLANG_WARN_CONSTANT_CONVERSION = YES;
				CLANG_WARN_DIRECT_OBJC_ISA_USAGE = YES_ERROR;
				CLANG_WARN_EMPTY_BODY = YES;
				CLANG_WARN_ENUM_CONVERSION = YES;
				CLANG_WARN_INT_CONVERSION = YES;
				CLANG_WARN_OBJC_ROOT_CLASS = YES_ERROR;
				CLANG_WARN_UNREACHABLE_CODE = YES;
				CLANG_WARN__DUPLICATE_METHOD_MATCH = YES;
				"CODE_SIGN_IDENTITY[sdk=iphoneos*]" = "iPhone Developer";
				COPY_PHASE_STRIP = NO;
				DEBUG_INFORMATION_FORMAT = dwarf;
				ENABLE_STRICT_OBJC_MSGSEND = YES;
				ENABLE_TESTABILITY = YES;
				GCC_C_LANGUAGE_STANDARD = gnu99;
				GCC_DYNAMIC_NO_PIC = NO;
				GCC_NO_COMMON_BLOCKS = YES;
				GCC_OPTIMIZATION_LEVEL = 0;
				GCC_PREPROCESSOR_DEFINITIONS = (
					"DEBUG=1",
					"$(inherited)",
				);
				GCC_WARN_64_TO_32_BIT_CONVERSION = YES;
				GCC_WARN_ABOUT_RETURN_TYPE = YES_ERROR;
				GCC_WARN_UNDECLARED_SELECTOR = YES;
				GCC_WARN_UNINITIALIZED_AUTOS = YES_AGGRESSIVE;
				GCC_WARN_UNUSED_FUNCTION = YES;
				GCC_WARN_UNUSED_VARIABLE = YES;
				IPHONEOS_DEPLOYMENT_TARGET = 9.1;
				MTL_ENABLE_DEBUG_INFO = YES;
				ONLY_ACTIVE_ARCH = YES;
				SDKROOT = iphoneos;
				SWIFT_OPTIMIZATION_LEVEL = "-Onone";
			};
			name = Debug;
		};
		5C375A1C1C0DFF690088B4FE /* Release */ = {
			isa = XCBuildConfiguration;
			buildSettings = {
				ALWAYS_SEARCH_USER_PATHS = NO;
				CLANG_CXX_LANGUAGE_STANDARD = "gnu++0x";
				CLANG_CXX_LIBRARY = "libc++";
				CLANG_ENABLE_MODULES = YES;
				CLANG_ENABLE_OBJC_ARC = YES;
				CLANG_WARN_BOOL_CONVERSION = YES;
				CLANG_WARN_CONSTANT_CONVERSION = YES;
				CLANG_WARN_DIRECT_OBJC_ISA_USAGE = YES_ERROR;
				CLANG_WARN_EMPTY_BODY = YES;
				CLANG_WARN_ENUM_CONVERSION = YES;
				CLANG_WARN_INT_CONVERSION = YES;
				CLANG_WARN_OBJC_ROOT_CLASS = YES_ERROR;
				CLANG_WARN_UNREACHABLE_CODE = YES;
				CLANG_WARN__DUPLICATE_METHOD_MATCH = YES;
				"CODE_SIGN_IDENTITY[sdk=iphoneos*]" = "iPhone Developer";
				COPY_PHASE_STRIP = NO;
				DEBUG_INFORMATION_FORMAT = "dwarf-with-dsym";
				ENABLE_NS_ASSERTIONS = NO;
				ENABLE_STRICT_OBJC_MSGSEND = YES;
				GCC_C_LANGUAGE_STANDARD = gnu99;
				GCC_NO_COMMON_BLOCKS = YES;
				GCC_WARN_64_TO_32_BIT_CONVERSION = YES;
				GCC_WARN_ABOUT_RETURN_TYPE = YES_ERROR;
				GCC_WARN_UNDECLARED_SELECTOR = YES;
				GCC_WARN_UNINITIALIZED_AUTOS = YES_AGGRESSIVE;
				GCC_WARN_UNUSED_FUNCTION = YES;
				GCC_WARN_UNUSED_VARIABLE = YES;
				IPHONEOS_DEPLOYMENT_TARGET = 9.1;
				MTL_ENABLE_DEBUG_INFO = NO;
				SDKROOT = iphoneos;
				VALIDATE_PRODUCT = YES;
			};
			name = Release;
		};
		5C375A1E1C0DFF690088B4FE /* Debug */ = {
			isa = XCBuildConfiguration;
			baseConfigurationReference = E8D5E16F4F88E21AF8A13227 /* Pods-Density.debug.xcconfig */;
			buildSettings = {
				ASSETCATALOG_COMPILER_APPICON_NAME = AppIcon;
				INFOPLIST_FILE = Density/Info.plist;
				LD_RUNPATH_SEARCH_PATHS = "$(inherited) @executable_path/Frameworks";
				PRODUCT_BUNDLE_IDENTIFIER = MattPiccolella.edu.Density;
				PRODUCT_NAME = "$(TARGET_NAME)";
			};
			name = Debug;
		};
		5C375A1F1C0DFF690088B4FE /* Release */ = {
			isa = XCBuildConfiguration;
			baseConfigurationReference = 52B903439BD602A70D39DA0C /* Pods-Density.release.xcconfig */;
			buildSettings = {
				ASSETCATALOG_COMPILER_APPICON_NAME = AppIcon;
				INFOPLIST_FILE = Density/Info.plist;
				LD_RUNPATH_SEARCH_PATHS = "$(inherited) @executable_path/Frameworks";
				PRODUCT_BUNDLE_IDENTIFIER = MattPiccolella.edu.Density;
				PRODUCT_NAME = "$(TARGET_NAME)";
			};
			name = Release;
		};
		5C375A211C0DFF690088B4FE /* Debug */ = {
			isa = XCBuildConfiguration;
			buildSettings = {
				BUNDLE_LOADER = "$(TEST_HOST)";
				INFOPLIST_FILE = DensityTests/Info.plist;
				LD_RUNPATH_SEARCH_PATHS = "$(inherited) @executable_path/Frameworks @loader_path/Frameworks";
				PRODUCT_BUNDLE_IDENTIFIER = MattPiccolella.edu.DensityTests;
				PRODUCT_NAME = "$(TARGET_NAME)";
				TEST_HOST = "$(BUILT_PRODUCTS_DIR)/Density.app/Density";
			};
			name = Debug;
		};
		5C375A221C0DFF690088B4FE /* Release */ = {
			isa = XCBuildConfiguration;
			buildSettings = {
				BUNDLE_LOADER = "$(TEST_HOST)";
				INFOPLIST_FILE = DensityTests/Info.plist;
				LD_RUNPATH_SEARCH_PATHS = "$(inherited) @executable_path/Frameworks @loader_path/Frameworks";
				PRODUCT_BUNDLE_IDENTIFIER = MattPiccolella.edu.DensityTests;
				PRODUCT_NAME = "$(TARGET_NAME)";
				TEST_HOST = "$(BUILT_PRODUCTS_DIR)/Density.app/Density";
			};
			name = Release;
		};
		5C375A241C0DFF690088B4FE /* Debug */ = {
			isa = XCBuildConfiguration;
			buildSettings = {
				INFOPLIST_FILE = DensityUITests/Info.plist;
				LD_RUNPATH_SEARCH_PATHS = "$(inherited) @executable_path/Frameworks @loader_path/Frameworks";
				PRODUCT_BUNDLE_IDENTIFIER = MattPiccolella.edu.DensityUITests;
				PRODUCT_NAME = "$(TARGET_NAME)";
				TEST_TARGET_NAME = Density;
				USES_XCTRUNNER = YES;
			};
			name = Debug;
		};
		5C375A251C0DFF690088B4FE /* Release */ = {
			isa = XCBuildConfiguration;
			buildSettings = {
				INFOPLIST_FILE = DensityUITests/Info.plist;
				LD_RUNPATH_SEARCH_PATHS = "$(inherited) @executable_path/Frameworks @loader_path/Frameworks";
				PRODUCT_BUNDLE_IDENTIFIER = MattPiccolella.edu.DensityUITests;
				PRODUCT_NAME = "$(TARGET_NAME)";
				TEST_TARGET_NAME = Density;
				USES_XCTRUNNER = YES;
			};
			name = Release;
		};
/* End XCBuildConfiguration section */

/* Begin XCConfigurationList section */
		5C3759F01C0DFF690088B4FE /* Build configuration list for PBXProject "Density" */ = {
			isa = XCConfigurationList;
			buildConfigurations = (
				5C375A1B1C0DFF690088B4FE /* Debug */,
				5C375A1C1C0DFF690088B4FE /* Release */,
			);
			defaultConfigurationIsVisible = 0;
			defaultConfigurationName = Release;
		};
		5C375A1D1C0DFF690088B4FE /* Build configuration list for PBXNativeTarget "Density" */ = {
			isa = XCConfigurationList;
			buildConfigurations = (
				5C375A1E1C0DFF690088B4FE /* Debug */,
				5C375A1F1C0DFF690088B4FE /* Release */,
			);
			defaultConfigurationIsVisible = 0;
			defaultConfigurationName = Release;
		};
		5C375A201C0DFF690088B4FE /* Build configuration list for PBXNativeTarget "DensityTests" */ = {
			isa = XCConfigurationList;
			buildConfigurations = (
				5C375A211C0DFF690088B4FE /* Debug */,
				5C375A221C0DFF690088B4FE /* Release */,
			);
			defaultConfigurationIsVisible = 0;
			defaultConfigurationName = Release;
		};
		5C375A231C0DFF690088B4FE /* Build configuration list for PBXNativeTarget "DensityUITests" */ = {
			isa = XCConfigurationList;
			buildConfigurations = (
				5C375A241C0DFF690088B4FE /* Debug */,
				5C375A251C0DFF690088B4FE /* Release */,
			);
			defaultConfigurationIsVisible = 0;
			defaultConfigurationName = Release;
		};
/* End XCConfigurationList section */
	};
	rootObject = 5C3759ED1C0DFF690088B4FE /* Project object */;
}
